
Microsoft Visual Studio Solution File, Format Version 12.00
# Visual Studio 15
VisualStudioVersion = 15.0.26430.15
MinimumVisualStudioVersion = 10.0.40219.1
Project("{FAE04EC0-301F-11D3-BF4B-00C04F79EFBC}") = "WPFUI", "WPFUI\WPFUI.csproj", "{91D4A5E7-C121-412A-A6FD-8089BA55E08F}"
EndProject
Global
	GlobalSection(SolutionConfigurationPlatforms) = preSolution
		Debug|Any CPU = Debug|Any CPU
		Release|Any CPU = Release|Any CPU
	EndGlobalSection
	GlobalSection(ProjectConfigurationPlatforms) = postSolution
		{91D4A5E7-C121-412A-A6FD-8089BA55E08F}.Debug|Any CPU.ActiveCfg = Debug|Any CPU
		{91D4A5E7-C121-412A-A6FD-8089BA55E08F}.Debug|Any CPU.Build.0 = Debug|Any CPU
		{91D4A5E7-C121-412A-A6FD-8089BA55E08F}.Release|Any CPU.ActiveCfg = Release|Any CPU
		{91D4A5E7-C121-412A-A6FD-8089BA55E08F}.Release|Any CPU.Build.0 = Release|Any CPU
	EndGlobalSection
	GlobalSection(SolutionProperties) = preSolution
		HideSolutionNode = FALSE
	EndGlobalSection
EndGlobal
